
Microsoft Visual Studio Solution File, Format Version 12.00
# Visual Studio 2012
Project("{FAE04EC0-301F-11D3-BF4B-00C04F79EFBC}") = "NancyStructureMap3Service", "NancyStructureMap3Service.csproj", "{DBE4DBB0-2F35-4CA2-B3C9-23093A4833BF}"
EndProject
Project("{FAE04EC0-301F-11D3-BF4B-00C04F79EFBC}") = "Tests", "Tests\Tests.csproj", "{848B6A5E-7FC5-4898-8498-E58EFE361105}"
EndProject
Global
	GlobalSection(SolutionConfigurationPlatforms) = preSolution
		Debug|Any CPU = Debug|Any CPU
		Release|Any CPU = Release|Any CPU
	EndGlobalSection
	GlobalSection(ProjectConfigurationPlatforms) = postSolution
		{DBE4DBB0-2F35-4CA2-B3C9-23093A4833BF}.Debug|Any CPU.ActiveCfg = Debug|Any CPU
		{DBE4DBB0-2F35-4CA2-B3C9-23093A4833BF}.Debug|Any CPU.Build.0 = Debug|Any CPU
		{DBE4DBB0-2F35-4CA2-B3C9-23093A4833BF}.Release|Any CPU.ActiveCfg = Release|Any CPU
		{DBE4DBB0-2F35-4CA2-B3C9-23093A4833BF}.Release|Any CPU.Build.0 = Release|Any CPU
		{848B6A5E-7FC5-4898-8498-E58EFE361105}.Debug|Any CPU.ActiveCfg = Debug|Any CPU
		{848B6A5E-7FC5-4898-8498-E58EFE361105}.Debug|Any CPU.Build.0 = Debug|Any CPU
		{848B6A5E-7FC5-4898-8498-E58EFE361105}.Release|Any CPU.ActiveCfg = Release|Any CPU
		{848B6A5E-7FC5-4898-8498-E58EFE361105}.Release|Any CPU.Build.0 = Release|Any CPU
	EndGlobalSection
	GlobalSection(SolutionProperties) = preSolution
		HideSolutionNode = FALSE
	EndGlobalSection
EndGlobal
